{
  "version": 4,
  "terraform_version": "1.11.3",
  "serial": 15,
  "lineage": "aafb9f62-5031-0e7f-4612-db3408a9e257",
  "outputs": {
    "instance_ip": {
      "value": "34.40.1.113",
      "type": "string"
    }
  },
  "resources": [
    {
      "mode": "managed",
      "type": "google_compute_instance",
      "name": "vm_from_packer_image",
      "provider": "provider[\"registry.terraform.io/hashicorp/google\"]",
      "instances": [
        {
          "schema_version": 6,
          "attributes": {
            "advanced_machine_features": [],
            "allow_stopping_for_update": null,
            "attached_disk": [],
            "boot_disk": [
              {
                "auto_delete": true,
                "device_name": "persistent-disk-0",
                "disk_encryption_key_raw": "",
                "disk_encryption_key_rsa": "",
                "disk_encryption_key_sha256": "",
                "disk_encryption_service_account": "",
                "force_attach": false,
                "guest_os_features": [
                  "UEFI_COMPATIBLE",
                  "VIRTIO_SCSI_MULTIQUEUE",
                  "GVNIC",
                  "SEV_CAPABLE",
                  "SEV_LIVE_MIGRATABLE_V2"
                ],
                "initialize_params": [
                  {
                    "architecture": "X86_64",
                    "enable_confidential_compute": false,
                    "image": "https://www.googleapis.com/compute/v1/projects/mspr-462120/global/images/packer-1749492436",
                    "labels": {},
                    "provisioned_iops": 0,
                    "provisioned_throughput": 0,
                    "resource_manager_tags": null,
                    "resource_policies": [],
                    "size": 20,
                    "snapshot": "",
                    "source_image_encryption_key": [],
                    "source_snapshot_encryption_key": [],
                    "storage_pool": "",
                    "type": "pd-standard"
                  }
                ],
                "interface": "",
                "kms_key_self_link": "",
                "mode": "READ_WRITE",
                "source": "https://www.googleapis.com/compute/v1/projects/mspr-462120/zones/europe-west3-b/disks/vm-terra-packer"
              }
            ],
            "can_ip_forward": false,
            "confidential_instance_config": [],
            "cpu_platform": "Intel Broadwell",
            "creation_timestamp": "2025-06-18T01:36:09.595-07:00",
            "current_status": "RUNNING",
            "deletion_protection": false,
            "description": "",
            "desired_status": null,
            "effective_labels": {
              "goog-terraform-provisioned": "true"
            },
            "enable_display": false,
            "guest_accelerator": [],
            "hostname": "",
            "id": "projects/mspr-462120/zones/europe-west3-b/instances/vm-terra-packer",
            "instance_encryption_key": [],
            "instance_id": "1498680642886419606",
            "key_revocation_action_type": "",
            "label_fingerprint": "vezUS-42LLM=",
            "labels": null,
            "machine_type": "e2-medium",
            "metadata": {
              "ssh-keys": "admin:ssh-rsa AAAAB3NzaC1yc2EAAAADAQABAAACAQCbJKXhC6V7SjOLUZVvu2iGnNq11QtxlPYoqAopgkohT5E/Ywbh+rr16A5yhhVJtsZZy+9judMw7oKvTDXbqv9tdKi5Jz1slMBWf5ID4p2UE4T+E3cB1f9cN3XQoM6hbYzxnE5Qzwjbdf5jna59U2I9eLY0P43KC4dY/+eJQAneK/hWM4nJjMStz2semHFzxAaw85fTjj5ENNAuzlFKg48lzlAZSJRHYIrVc2cOs3Q71cgZQVG5ypRR4xqXD0eX/DoKWExuxFgnpg0iVXii5Hdt6TtxnA1CZyaWwuDC1On9BefIKFEOU9qEHfKrye+AAOCLa8KBifnItRMH/obY7AodpjmdRW2WXOm7yA13A6ckNWNU5zV016B/hLzW+mSM+WxLIDN9uhG8P7s8S7ym2NvwJ4c6UK5b4fZBvoQW9BeNZF1D82SggFVQgfWNXB0wyEpb9fDFU9nejnL8PbakMP1juTgQpdh8+hDc7gznpLO0UQNoMxUmUHCt8Y7aIfClxz0OzHRdNiVKDUA5HrHONPux7c0wgP9kPLvWs9vJcXZaftobpFYexoFyPF16xQhMhNLOM0tg6RaWR0GV+/9U8v/BDMKeCZY6nuWjWroZu4heh6o6VXfoMwmal6gFT5ogZyaVLIVl2LOoB4e9eYOoxYyHwWjvNwhTAveGsB/fbAHfiw== admin-key"
            },
            "metadata_fingerprint": "SKqthMdklA0=",
            "metadata_startup_script": "#!/bin/bash\necho \"Instance from Packer image ready.\"\n",
            "min_cpu_platform": "",
            "name": "vm-terra-packer",
            "network_interface": [
              {
                "access_config": [
                  {
                    "nat_ip": "34.40.1.113",
                    "network_tier": "PREMIUM",
                    "public_ptr_domain_name": ""
                  }
                ],
                "alias_ip_range": [],
                "internal_ipv6_prefix_length": 0,
                "ipv6_access_config": [],
                "ipv6_access_type": "",
                "ipv6_address": "",
                "name": "nic0",
                "network": "https://www.googleapis.com/compute/v1/projects/mspr-462120/global/networks/default",
                "network_attachment": "",
                "network_ip": "10.156.0.5",
                "nic_type": "",
                "queue_count": 0,
                "stack_type": "IPV4_ONLY",
                "subnetwork": "https://www.googleapis.com/compute/v1/projects/mspr-462120/regions/europe-west3/subnetworks/default",
                "subnetwork_project": "mspr-462120"
              }
            ],
            "network_performance_config": [],
            "params": [],
            "project": "mspr-462120",
            "reservation_affinity": [],
            "resource_policies": null,
            "scheduling": [
              {
                "automatic_restart": true,
                "availability_domain": 0,
                "instance_termination_action": "",
                "local_ssd_recovery_timeout": [],
                "max_run_duration": [],
                "min_node_cpus": 0,
                "node_affinities": [],
                "on_host_maintenance": "MIGRATE",
                "on_instance_stop_action": [],
                "preemptible": false,
                "provisioning_model": "STANDARD",
                "termination_time": ""
              }
            ],
            "scratch_disk": [],
            "self_link": "https://www.googleapis.com/compute/v1/projects/mspr-462120/zones/europe-west3-b/instances/vm-terra-packer",
            "service_account": [],
            "shielded_instance_config": [
              {
                "enable_integrity_monitoring": true,
                "enable_secure_boot": false,
                "enable_vtpm": true
              }
            ],
            "tags": [
              "web"
            ],
            "tags_fingerprint": "3d9fNIIa_10=",
            "terraform_labels": {
              "goog-terraform-provisioned": "true"
            },
            "timeouts": null,
            "zone": "europe-west3-b"
          },
          "sensitive_attributes": [
            [
              {
                "type": "get_attr",
                "value": "boot_disk"
              },
              {
                "type": "index",
                "value": {
                  "value": 0,
                  "type": "number"
                }
              },
              {
                "type": "get_attr",
                "value": "disk_encryption_key_raw"
              }
            ],
            [
              {
                "type": "get_attr",
                "value": "boot_disk"
              },
              {
                "type": "index",
                "value": {
                  "value": 0,
                  "type": "number"
                }
              },
              {
                "type": "get_attr",
                "value": "disk_encryption_key_rsa"
              }
            ]
          ],
          "private": "eyJlMmJmYjczMC1lY2FhLTExZTYtOGY4OC0zNDM2M2JjN2M0YzAiOnsiY3JlYXRlIjoxMjAwMDAwMDAwMDAwLCJkZWxldGUiOjEyMDAwMDAwMDAwMDAsInVwZGF0ZSI6MTIwMDAwMDAwMDAwMH0sInNjaGVtYV92ZXJzaW9uIjoiNiJ9"
        }
      ]
    }
  ],
  "check_results": null
}
